
Microsoft Visual Studio Solution File, Format Version 12.00
# Visual Studio Version 16
VisualStudioVersion = 16.0.30523.141
MinimumVisualStudioVersion = 10.0.40219.1
Project("{FAE04EC0-301F-11D3-BF4B-00C04F79EFBC}") = "GitYulia", "GitYulia\GitYulia.csproj", "{EDDEED5A-5173-4133-912C-306925BCF61A}"
EndProject
Global
	GlobalSection(SolutionConfigurationPlatforms) = preSolution
		Debug|Any CPU = Debug|Any CPU
		Release|Any CPU = Release|Any CPU
	EndGlobalSection
	GlobalSection(ProjectConfigurationPlatforms) = postSolution
		{EDDEED5A-5173-4133-912C-306925BCF61A}.Debug|Any CPU.ActiveCfg = Debug|Any CPU
		{EDDEED5A-5173-4133-912C-306925BCF61A}.Debug|Any CPU.Build.0 = Debug|Any CPU
		{EDDEED5A-5173-4133-912C-306925BCF61A}.Release|Any CPU.ActiveCfg = Release|Any CPU
		{EDDEED5A-5173-4133-912C-306925BCF61A}.Release|Any CPU.Build.0 = Release|Any CPU
	EndGlobalSection
	GlobalSection(SolutionProperties) = preSolution
		HideSolutionNode = FALSE
	EndGlobalSection
	GlobalSection(ExtensibilityGlobals) = postSolution
		SolutionGuid = {92A2C012-B044-4BD0-BDF0-F6F85FC43447}
	EndGlobalSection
EndGlobal
